
Microsoft Visual Studio Solution File, Format Version 12.00
# Visual Studio Version 17
VisualStudioVersion = 17.9.34622.214
MinimumVisualStudioVersion = 10.0.40219.1
Project("{FAE04EC0-301F-11D3-BF4B-00C04F79EFBC}") = "LoadDWHNorthwind.Data", "LoadDWHNorthwind.Data\LoadDWHNorthwind.Data.csproj", "{8AD062E1-8574-4A89-A37A-BF34D944F463}"
EndProject
Project("{FAE04EC0-301F-11D3-BF4B-00C04F79EFBC}") = "LoadDWHNorthwind.WorkerService", "LoadDWHNorthwind.WorkerService\LoadDWHNorthwind.WorkerService.csproj", "{B04E2B91-BA6A-4626-90FC-B8F18A1A7FFF}"
EndProject
Global
	GlobalSection(SolutionConfigurationPlatforms) = preSolution
		Debug|Any CPU = Debug|Any CPU
		Release|Any CPU = Release|Any CPU
	EndGlobalSection
	GlobalSection(ProjectConfigurationPlatforms) = postSolution
		{8AD062E1-8574-4A89-A37A-BF34D944F463}.Debug|Any CPU.ActiveCfg = Debug|Any CPU
		{8AD062E1-8574-4A89-A37A-BF34D944F463}.Debug|Any CPU.Build.0 = Debug|Any CPU
		{8AD062E1-8574-4A89-A37A-BF34D944F463}.Release|Any CPU.ActiveCfg = Release|Any CPU
		{8AD062E1-8574-4A89-A37A-BF34D944F463}.Release|Any CPU.Build.0 = Release|Any CPU
		{B04E2B91-BA6A-4626-90FC-B8F18A1A7FFF}.Debug|Any CPU.ActiveCfg = Debug|Any CPU
		{B04E2B91-BA6A-4626-90FC-B8F18A1A7FFF}.Debug|Any CPU.Build.0 = Debug|Any CPU
		{B04E2B91-BA6A-4626-90FC-B8F18A1A7FFF}.Release|Any CPU.ActiveCfg = Release|Any CPU
		{B04E2B91-BA6A-4626-90FC-B8F18A1A7FFF}.Release|Any CPU.Build.0 = Release|Any CPU
	EndGlobalSection
	GlobalSection(SolutionProperties) = preSolution
		HideSolutionNode = FALSE
	EndGlobalSection
	GlobalSection(ExtensibilityGlobals) = postSolution
		SolutionGuid = {76C899B5-C1F3-4B93-BA11-A1BFC96AD507}
	EndGlobalSection
EndGlobal
